// !$*UTF8*$!
{
	archiveVersion = 1;
	classes = {
	};
	objectVersion = 50;
	objects = {

/* Begin PBXBuildFile section */
		74508139245BEDAC00291125 /* AppDelegate.swift in Sources */ = {isa = PBXBuildFile; fileRef = 74508138245BEDAC00291125 /* AppDelegate.swift */; };
		7450813B245BEDAC00291125 /* DocumentBrowserViewController.swift in Sources */ = {isa = PBXBuildFile; fileRef = 7450813A245BEDAC00291125 /* DocumentBrowserViewController.swift */; };
		7450813D245BEDAC00291125 /* DocumentViewController.swift in Sources */ = {isa = PBXBuildFile; fileRef = 7450813C245BEDAC00291125 /* DocumentViewController.swift */; };
		7450813F245BEDAC00291125 /* Document.swift in Sources */ = {isa = PBXBuildFile; fileRef = 7450813E245BEDAC00291125 /* Document.swift */; };
		74508142245BEDAC00291125 /* Main.storyboard in Resources */ = {isa = PBXBuildFile; fileRef = 74508140245BEDAC00291125 /* Main.storyboard */; };
		74508144245BEDB000291125 /* Assets.xcassets in Resources */ = {isa = PBXBuildFile; fileRef = 74508143245BEDB000291125 /* Assets.xcassets */; };
		74508147245BEDB000291125 /* LaunchScreen.storyboard in Resources */ = {isa = PBXBuildFile; fileRef = 74508145245BEDB000291125 /* LaunchScreen.storyboard */; };
/* End PBXBuildFile section */

/* Begin PBXFileReference section */
		74508135245BEDAC00291125 /* conmas-free-draw.app */ = {isa = PBXFileReference; explicitFileType = wrapper.application; includeInIndex = 0; path = "conmas-free-draw.app"; sourceTree = BUILT_PRODUCTS_DIR; };
		74508138245BEDAC00291125 /* AppDelegate.swift */ = {isa = PBXFileReference; lastKnownFileType = sourcecode.swift; path = AppDelegate.swift; sourceTree = "<group>"; };
		7450813A245BEDAC00291125 /* DocumentBrowserViewController.swift */ = {isa = PBXFileReference; lastKnownFileType = sourcecode.swift; path = DocumentBrowserViewController.swift; sourceTree = "<group>"; };
		7450813C245BEDAC00291125 /* DocumentViewController.swift */ = {isa = PBXFileReference; lastKnownFileType = sourcecode.swift; path = DocumentViewController.swift; sourceTree = "<group>"; };
		7450813E245BEDAC00291125 /* Document.swift */ = {isa = PBXFileReference; lastKnownFileType = sourcecode.swift; path = Document.swift; sourceTree = "<group>"; };
		74508141245BEDAC00291125 /* Base */ = {isa = PBXFileReference; lastKnownFileType = file.storyboard; name = Base; path = Base.lproj/Main.storyboard; sourceTree = "<group>"; };
		74508143245BEDB000291125 /* Assets.xcassets */ = {isa = PBXFileReference; lastKnownFileType = folder.assetcatalog; path = Assets.xcassets; sourceTree = "<group>"; };
		74508146245BEDB000291125 /* Base */ = {isa = PBXFileReference; lastKnownFileType = file.storyboard; name = Base; path = Base.lproj/LaunchScreen.storyboard; sourceTree = "<group>"; };
		74508148245BEDB000291125 /* Info.plist */ = {isa = PBXFileReference; lastKnownFileType = text.plist.xml; path = Info.plist; sourceTree = "<group>"; };
/* End PBXFileReference section */

/* Begin PBXFrameworksBuildPhase section */
		74508132245BEDAC00291125 /* Frameworks */ = {
			isa = PBXFrameworksBuildPhase;
			buildActionMask = 2147483647;
			files = (
			);
			runOnlyForDeploymentPostprocessing = 0;
		};
/* End PBXFrameworksBuildPhase section */

/* Begin PBXGroup section */
		7450812C245BEDAC00291125 = {
			isa = PBXGroup;
			children = (
				74508137245BEDAC00291125 /* conmas-free-draw */,
				74508136245BEDAC00291125 /* Products */,
			);
			sourceTree = "<group>";
		};
		74508136245BEDAC00291125 /* Products */ = {
			isa = PBXGroup;
			children = (
				74508135245BEDAC00291125 /* conmas-free-draw.app */,
			);
			name = Products;
			sourceTree = "<group>";
		};
		74508137245BEDAC00291125 /* conmas-free-draw */ = {
			isa = PBXGroup;
			children = (
				74508138245BEDAC00291125 /* AppDelegate.swift */,
				7450813A245BEDAC00291125 /* DocumentBrowserViewController.swift */,
				7450813C245BEDAC00291125 /* DocumentViewController.swift */,
				7450813E245BEDAC00291125 /* Document.swift */,
				74508140245BEDAC00291125 /* Main.storyboard */,
				74508143245BEDB000291125 /* Assets.xcassets */,
				74508145245BEDB000291125 /* LaunchScreen.storyboard */,
				74508148245BEDB000291125 /* Info.plist */,
			);
			path = "conmas-free-draw";
			sourceTree = "<group>";
		};
/* End PBXGroup section */

/* Begin PBXNativeTarget section */
		74508134245BEDAC00291125 /* conmas-free-draw */ = {
			isa = PBXNativeTarget;
			buildConfigurationList = 7450814B245BEDB000291125 /* Build configuration list for PBXNativeTarget "conmas-free-draw" */;
			buildPhases = (
				74508131245BEDAC00291125 /* Sources */,
				74508132245BEDAC00291125 /* Frameworks */,
				74508133245BEDAC00291125 /* Resources */,
			);
			buildRules = (
			);
			dependencies = (
			);
			name = "conmas-free-draw";
			productName = "conmas-free-draw";
			productReference = 74508135245BEDAC00291125 /* conmas-free-draw.app */;
			productType = "com.apple.product-type.application";
		};
/* End PBXNativeTarget section */

/* Begin PBXProject section */
		7450812D245BEDAC00291125 /* Project object */ = {
			isa = PBXProject;
			attributes = {
				LastSwiftUpdateCheck = 1140;
				LastUpgradeCheck = 1140;
				ORGANIZATIONNAME = "Lasantha Basnayake";
				TargetAttributes = {
					74508134245BEDAC00291125 = {
						CreatedOnToolsVersion = 11.4.1;
					};
				};
			};
			buildConfigurationList = 74508130245BEDAC00291125 /* Build configuration list for PBXProject "conmas-free-draw" */;
			compatibilityVersion = "Xcode 9.3";
			developmentRegion = en;
			hasScannedForEncodings = 0;
			knownRegions = (
				en,
				Base,
			);
			mainGroup = 7450812C245BEDAC00291125;
			productRefGroup = 74508136245BEDAC00291125 /* Products */;
			projectDirPath = "";
			projectRoot = "";
			targets = (
				74508134245BEDAC00291125 /* conmas-free-draw */,
			);
		};
/* End PBXProject section */

/* Begin PBXResourcesBuildPhase section */
		74508133245BEDAC00291125 /* Resources */ = {
			isa = PBXResourcesBuildPhase;
			buildActionMask = 2147483647;
			files = (
				74508147245BEDB000291125 /* LaunchScreen.storyboard in Resources */,
				74508144245BEDB000291125 /* Assets.xcassets in Resources */,
				74508142245BEDAC00291125 /* Main.storyboard in Resources */,
			);
			runOnlyForDeploymentPostprocessing = 0;
		};
/* End PBXResourcesBuildPhase section */

/* Begin PBXSourcesBuildPhase section */
		74508131245BEDAC00291125 /* Sources */ = {
			isa = PBXSourcesBuildPhase;
			buildActionMask = 2147483647;
			files = (
				7450813F245BEDAC00291125 /* Document.swift in Sources */,
				7450813D245BEDAC00291125 /* DocumentViewController.swift in Sources */,
				7450813B245BEDAC00291125 /* DocumentBrowserViewController.swift in Sources */,
				74508139245BEDAC00291125 /* AppDelegate.swift in Sources */,
			);
			runOnlyForDeploymentPostprocessing = 0;
		};
/* End PBXSourcesBuildPhase section */

/* Begin PBXVariantGroup section */
		74508140245BEDAC00291125 /* Main.storyboard */ = {
			isa = PBXVariantGroup;
			children = (
				74508141245BEDAC00291125 /* Base */,
			);
			name = Main.storyboard;
			sourceTree = "<group>";
		};
		74508145245BEDB000291125 /* LaunchScreen.storyboard */ = {
			isa = PBXVariantGroup;
			children = (
				74508146245BEDB000291125 /* Base */,
			);
			name = LaunchScreen.storyboard;
			sourceTree = "<group>";
		};
/* End PBXVariantGroup section */

/* Begin XCBuildConfiguration section */
		74508149245BEDB000291125 /* Debug */ = {
			isa = XCBuildConfiguration;
			buildSettings = {
				ALWAYS_SEARCH_USER_PATHS = NO;
				CLANG_ANALYZER_NONNULL = YES;
				CLANG_ANALYZER_NUMBER_OBJECT_CONVERSION = YES_AGGRESSIVE;
				CLANG_CXX_LANGUAGE_STANDARD = "gnu++14";
				CLANG_CXX_LIBRARY = "libc++";
				CLANG_ENABLE_MODULES = YES;
				CLANG_ENABLE_OBJC_ARC = YES;
				CLANG_ENABLE_OBJC_WEAK = YES;
				CLANG_WARN_BLOCK_CAPTURE_AUTORELEASING = YES;
				CLANG_WARN_BOOL_CONVERSION = YES;
				CLANG_WARN_COMMA = YES;
				CLANG_WARN_CONSTANT_CONVERSION = YES;
				CLANG_WARN_DEPRECATED_OBJC_IMPLEMENTATIONS = YES;
				CLANG_WARN_DIRECT_OBJC_ISA_USAGE = YES_ERROR;
				CLANG_WARN_DOCUMENTATION_COMMENTS = YES;
				CLANG_WARN_EMPTY_BODY = YES;
				CLANG_WARN_ENUM_CONVERSION = YES;
				CLANG_WARN_INFINITE_RECURSION = YES;
				CLANG_WARN_INT_CONVERSION = YES;
				CLANG_WARN_NON_LITERAL_NULL_CONVERSION = YES;
				CLANG_WARN_OBJC_IMPLICIT_RETAIN_SELF = YES;
				CLANG_WARN_OBJC_LITERAL_CONVERSION = YES;
				CLANG_WARN_OBJC_ROOT_CLASS = YES_ERROR;
				CLANG_WARN_RANGE_LOOP_ANALYSIS = YES;
				CLANG_WARN_STRICT_PROTOTYPES = YES;
				CLANG_WARN_SUSPICIOUS_MOVE = YES;
				CLANG_WARN_UNGUARDED_AVAILABILITY = YES_AGGRESSIVE;
				CLANG_WARN_UNREACHABLE_CODE = YES;
				CLANG_WARN__DUPLICATE_METHOD_MATCH = YES;
				COPY_PHASE_STRIP = NO;
				DEBUG_INFORMATION_FORMAT = dwarf;
				ENABLE_STRICT_OBJC_MSGSEND = YES;
				ENABLE_TESTABILITY = YES;
				GCC_C_LANGUAGE_STANDARD = gnu11;
				GCC_DYNAMIC_NO_PIC = NO;
				GCC_NO_COMMON_BLOCKS = YES;
				GCC_OPTIMIZATION_LEVEL = 0;
				GCC_PREPROCESSOR_DEFINITIONS = (
					"DEBUG=1",
					"$(inherited)",
				);
				GCC_WARN_64_TO_32_BIT_CONVERSION = YES;
				GCC_WARN_ABOUT_RETURN_TYPE = YES_ERROR;
				GCC_WARN_UNDECLARED_SELECTOR = YES;
				GCC_WARN_UNINITIALIZED_AUTOS = YES_AGGRESSIVE;
				GCC_WARN_UNUSED_FUNCTION = YES;
				GCC_WARN_UNUSED_VARIABLE = YES;
				IPHONEOS_DEPLOYMENT_TARGET = 13.4;
				MTL_ENABLE_DEBUG_INFO = INCLUDE_SOURCE;
				MTL_FAST_MATH = YES;
				ONLY_ACTIVE_ARCH = YES;
				SDKROOT = iphoneos;
				SWIFT_ACTIVE_COMPILATION_CONDITIONS = DEBUG;
				SWIFT_OPTIMIZATION_LEVEL = "-Onone";
			};
			name = Debug;
		};
		7450814A245BEDB000291125 /* Release */ = {
			isa = XCBuildConfiguration;
			buildSettings = {
				ALWAYS_SEARCH_USER_PATHS = NO;
				CLANG_ANALYZER_NONNULL = YES;
				CLANG_ANALYZER_NUMBER_OBJECT_CONVERSION = YES_AGGRESSIVE;
				CLANG_CXX_LANGUAGE_STANDARD = "gnu++14";
				CLANG_CXX_LIBRARY = "libc++";
				CLANG_ENABLE_MODULES = YES;
				CLANG_ENABLE_OBJC_ARC = YES;
				CLANG_ENABLE_OBJC_WEAK = YES;
				CLANG_WARN_BLOCK_CAPTURE_AUTORELEASING = YES;
				CLANG_WARN_BOOL_CONVERSION = YES;
				CLANG_WARN_COMMA = YES;
				CLANG_WARN_CONSTANT_CONVERSION = YES;
				CLANG_WARN_DEPRECATED_OBJC_IMPLEMENTATIONS = YES;
				CLANG_WARN_DIRECT_OBJC_ISA_USAGE = YES_ERROR;
				CLANG_WARN_DOCUMENTATION_COMMENTS = YES;
				CLANG_WARN_EMPTY_BODY = YES;
				CLANG_WARN_ENUM_CONVERSION = YES;
				CLANG_WARN_INFINITE_RECURSION = YES;
				CLANG_WARN_INT_CONVERSION = YES;
				CLANG_WARN_NON_LITERAL_NULL_CONVERSION = YES;
				CLANG_WARN_OBJC_IMPLICIT_RETAIN_SELF = YES;
				CLANG_WARN_OBJC_LITERAL_CONVERSION = YES;
				CLANG_WARN_OBJC_ROOT_CLASS = YES_ERROR;
				CLANG_WARN_RANGE_LOOP_ANALYSIS = YES;
				CLANG_WARN_STRICT_PROTOTYPES = YES;
				CLANG_WARN_SUSPICIOUS_MOVE = YES;
				CLANG_WARN_UNGUARDED_AVAILABILITY = YES_AGGRESSIVE;
				CLANG_WARN_UNREACHABLE_CODE = YES;
				CLANG_WARN__DUPLICATE_METHOD_MATCH = YES;
				COPY_PHASE_STRIP = NO;
				DEBUG_INFORMATION_FORMAT = "dwarf-with-dsym";
				ENABLE_NS_ASSERTIONS = NO;
				ENABLE_STRICT_OBJC_MSGSEND = YES;
				GCC_C_LANGUAGE_STANDARD = gnu11;
				GCC_NO_COMMON_BLOCKS = YES;
				GCC_WARN_64_TO_32_BIT_CONVERSION = YES;
				GCC_WARN_ABOUT_RETURN_TYPE = YES_ERROR;
				GCC_WARN_UNDECLARED_SELECTOR = YES;
				GCC_WARN_UNINITIALIZED_AUTOS = YES_AGGRESSIVE;
				GCC_WARN_UNUSED_FUNCTION = YES;
				GCC_WARN_UNUSED_VARIABLE = YES;
				IPHONEOS_DEPLOYMENT_TARGET = 13.4;
				MTL_ENABLE_DEBUG_INFO = NO;
				MTL_FAST_MATH = YES;
				SDKROOT = iphoneos;
				SWIFT_COMPILATION_MODE = wholemodule;
				SWIFT_OPTIMIZATION_LEVEL = "-O";
				VALIDATE_PRODUCT = YES;
			};
			name = Release;
		};
		7450814C245BEDB000291125 /* Debug */ = {
			isa = XCBuildConfiguration;
			buildSettings = {
				ASSETCATALOG_COMPILER_APPICON_NAME = AppIcon;
				CODE_SIGN_STYLE = Automatic;
				DEVELOPMENT_TEAM = G497TM2PF5;
				INFOPLIST_FILE = "conmas-free-draw/Info.plist";
				LD_RUNPATH_SEARCH_PATHS = (
					"$(inherited)",
					"@executable_path/Frameworks",
				);
				PRODUCT_BUNDLE_IDENTIFIER = "com.lasantha.filebrowser.conmas-free-draw";
				PRODUCT_NAME = "$(TARGET_NAME)";
				SWIFT_VERSION = 5.0;
				TARGETED_DEVICE_FAMILY = "1,2";
			};
			name = Debug;
		};
		7450814D245BEDB000291125 /* Release */ = {
			isa = XCBuildConfiguration;
			buildSettings = {
				ASSETCATALOG_COMPILER_APPICON_NAME = AppIcon;
				CODE_SIGN_STYLE = Automatic;
				DEVELOPMENT_TEAM = G497TM2PF5;
				INFOPLIST_FILE = "conmas-free-draw/Info.plist";
				LD_RUNPATH_SEARCH_PATHS = (
					"$(inherited)",
					"@executable_path/Frameworks",
				);
				PRODUCT_BUNDLE_IDENTIFIER = "com.lasantha.filebrowser.conmas-free-draw";
				PRODUCT_NAME = "$(TARGET_NAME)";
				SWIFT_VERSION = 5.0;
				TARGETED_DEVICE_FAMILY = "1,2";
			};
			name = Release;
		};
/* End XCBuildConfiguration section */

/* Begin XCConfigurationList section */
		74508130245BEDAC00291125 /* Build configuration list for PBXProject "conmas-free-draw" */ = {
			isa = XCConfigurationList;
			buildConfigurations = (
				74508149245BEDB000291125 /* Debug */,
				7450814A245BEDB000291125 /* Release */,
			);
			defaultConfigurationIsVisible = 0;
			defaultConfigurationName = Release;
		};
		7450814B245BEDB000291125 /* Build configuration list for PBXNativeTarget "conmas-free-draw" */ = {
			isa = XCConfigurationList;
			buildConfigurations = (
				7450814C245BEDB000291125 /* Debug */,
				7450814D245BEDB000291125 /* Release */,
			);
			defaultConfigurationIsVisible = 0;
			defaultConfigurationName = Release;
		};
/* End XCConfigurationList section */
	};
	rootObject = 7450812D245BEDAC00291125 /* Project object */;
}
